
Microsoft Visual Studio Solution File, Format Version 12.00
# Visual Studio Version 17
VisualStudioVersion = 17.2.32526.322
MinimumVisualStudioVersion = 10.0.40219.1
Project("{9A19103F-16F7-4668-BE54-9A1E7A4F7556}") = "BakerMate.DbContext", "BakerMate\BakerMate.DbContext\BakerMate.DbContext.csproj", "{FB455611-01EC-4481-96E0-283D37D6A169}"
EndProject
Project("{9A19103F-16F7-4668-BE54-9A1E7A4F7556}") = "BakerMate", "BakerMate\BakerMate\BakerMate.csproj", "{B18CC607-5990-44D5-BC46-CDD9A6CC96EC}"
EndProject
Project("{9A19103F-16F7-4668-BE54-9A1E7A4F7556}") = "BakerMate.Domain", "BakerMate\BakerMate.Domain\BakerMate.Domain.csproj", "{9F1D430E-62DD-4010-939D-7C7F6D7CFD23}"
EndProject
Project("{9A19103F-16F7-4668-BE54-9A1E7A4F7556}") = "BakerMate.Infrastructure", "BakerMate\BakerMate.Infrastructure\BakerMate.Infrastructure.csproj", "{C961746E-AD48-4E63-B83A-F654E5CAF5F9}"
EndProject
Project("{9A19103F-16F7-4668-BE54-9A1E7A4F7556}") = "BakerMate.Services", "BakerMate\BakerMate.Services\BakerMate.Services.csproj", "{2E2BDD7A-ED08-4217-BFC5-AC11717A1F0D}"
EndProject
Project("{9A19103F-16F7-4668-BE54-9A1E7A4F7556}") = "BakerMate.WPF", "BakerMate\BakerMateWPF\BakerMate.WPF.csproj", "{84AF2C70-6003-4518-A418-D247E107FAAD}"
EndProject
Global
	GlobalSection(SolutionConfigurationPlatforms) = preSolution
		Debug|Any CPU = Debug|Any CPU
		Release|Any CPU = Release|Any CPU
	EndGlobalSection
	GlobalSection(ProjectConfigurationPlatforms) = postSolution
		{FB455611-01EC-4481-96E0-283D37D6A169}.Debug|Any CPU.ActiveCfg = Debug|Any CPU
		{FB455611-01EC-4481-96E0-283D37D6A169}.Debug|Any CPU.Build.0 = Debug|Any CPU
		{FB455611-01EC-4481-96E0-283D37D6A169}.Release|Any CPU.ActiveCfg = Release|Any CPU
		{FB455611-01EC-4481-96E0-283D37D6A169}.Release|Any CPU.Build.0 = Release|Any CPU
		{B18CC607-5990-44D5-BC46-CDD9A6CC96EC}.Debug|Any CPU.ActiveCfg = Debug|Any CPU
		{B18CC607-5990-44D5-BC46-CDD9A6CC96EC}.Debug|Any CPU.Build.0 = Debug|Any CPU
		{B18CC607-5990-44D5-BC46-CDD9A6CC96EC}.Release|Any CPU.ActiveCfg = Release|Any CPU
		{B18CC607-5990-44D5-BC46-CDD9A6CC96EC}.Release|Any CPU.Build.0 = Release|Any CPU
		{9F1D430E-62DD-4010-939D-7C7F6D7CFD23}.Debug|Any CPU.ActiveCfg = Debug|Any CPU
		{9F1D430E-62DD-4010-939D-7C7F6D7CFD23}.Debug|Any CPU.Build.0 = Debug|Any CPU
		{9F1D430E-62DD-4010-939D-7C7F6D7CFD23}.Release|Any CPU.ActiveCfg = Release|Any CPU
		{9F1D430E-62DD-4010-939D-7C7F6D7CFD23}.Release|Any CPU.Build.0 = Release|Any CPU
		{C961746E-AD48-4E63-B83A-F654E5CAF5F9}.Debug|Any CPU.ActiveCfg = Debug|Any CPU
		{C961746E-AD48-4E63-B83A-F654E5CAF5F9}.Debug|Any CPU.Build.0 = Debug|Any CPU
		{C961746E-AD48-4E63-B83A-F654E5CAF5F9}.Release|Any CPU.ActiveCfg = Release|Any CPU
		{C961746E-AD48-4E63-B83A-F654E5CAF5F9}.Release|Any CPU.Build.0 = Release|Any CPU
		{2E2BDD7A-ED08-4217-BFC5-AC11717A1F0D}.Debug|Any CPU.ActiveCfg = Debug|Any CPU
		{2E2BDD7A-ED08-4217-BFC5-AC11717A1F0D}.Debug|Any CPU.Build.0 = Debug|Any CPU
		{2E2BDD7A-ED08-4217-BFC5-AC11717A1F0D}.Release|Any CPU.ActiveCfg = Release|Any CPU
		{2E2BDD7A-ED08-4217-BFC5-AC11717A1F0D}.Release|Any CPU.Build.0 = Release|Any CPU
		{84AF2C70-6003-4518-A418-D247E107FAAD}.Debug|Any CPU.ActiveCfg = Debug|Any CPU
		{84AF2C70-6003-4518-A418-D247E107FAAD}.Debug|Any CPU.Build.0 = Debug|Any CPU
		{84AF2C70-6003-4518-A418-D247E107FAAD}.Release|Any CPU.ActiveCfg = Release|Any CPU
		{84AF2C70-6003-4518-A418-D247E107FAAD}.Release|Any CPU.Build.0 = Release|Any CPU
	EndGlobalSection
	GlobalSection(SolutionProperties) = preSolution
		HideSolutionNode = FALSE
	EndGlobalSection
	GlobalSection(ExtensibilityGlobals) = postSolution
		SolutionGuid = {61548D55-ECCD-4FD7-BD7B-6C822593EC54}
	EndGlobalSection
EndGlobal
